
Microsoft Visual Studio Solution File, Format Version 12.00
# Visual Studio Version 16
VisualStudioVersion = 16.0.28922.388
MinimumVisualStudioVersion = 10.0.40219.1
Project("{FAE04EC0-301F-11D3-BF4B-00C04F79EFBC}") = "Notes.Android", "Notes.Android\Notes.Android.csproj", "{E6481F7B-27C4-4E12-8506-F227E2B6B33B}"
EndProject
Project("{FAE04EC0-301F-11D3-BF4B-00C04F79EFBC}") = "Notes", "Notes\Notes.csproj", "{FC473C7D-98D6-4383-853A-5FA5CF92D0F9}"
EndProject
Global
	GlobalSection(SolutionConfigurationPlatforms) = preSolution
		Debug|Any CPU = Debug|Any CPU
		Release|Any CPU = Release|Any CPU
	EndGlobalSection
	GlobalSection(ProjectConfigurationPlatforms) = postSolution
		{E6481F7B-27C4-4E12-8506-F227E2B6B33B}.Debug|Any CPU.ActiveCfg = Debug|Any CPU
		{E6481F7B-27C4-4E12-8506-F227E2B6B33B}.Debug|Any CPU.Build.0 = Debug|Any CPU
		{E6481F7B-27C4-4E12-8506-F227E2B6B33B}.Debug|Any CPU.Deploy.0 = Debug|Any CPU
		{E6481F7B-27C4-4E12-8506-F227E2B6B33B}.Release|Any CPU.ActiveCfg = Release|Any CPU
		{E6481F7B-27C4-4E12-8506-F227E2B6B33B}.Release|Any CPU.Build.0 = Release|Any CPU
		{E6481F7B-27C4-4E12-8506-F227E2B6B33B}.Release|Any CPU.Deploy.0 = Release|Any CPU
		{FC473C7D-98D6-4383-853A-5FA5CF92D0F9}.Debug|Any CPU.ActiveCfg = Debug|Any CPU
		{FC473C7D-98D6-4383-853A-5FA5CF92D0F9}.Debug|Any CPU.Build.0 = Debug|Any CPU
		{FC473C7D-98D6-4383-853A-5FA5CF92D0F9}.Debug|Any CPU.Deploy.0 = Debug|Any CPU
		{FC473C7D-98D6-4383-853A-5FA5CF92D0F9}.Release|Any CPU.ActiveCfg = Release|Any CPU
		{FC473C7D-98D6-4383-853A-5FA5CF92D0F9}.Release|Any CPU.Build.0 = Release|Any CPU
		{FC473C7D-98D6-4383-853A-5FA5CF92D0F9}.Release|Any CPU.Deploy.0 = Release|Any CPU
	EndGlobalSection
	GlobalSection(SolutionProperties) = preSolution
		HideSolutionNode = FALSE
	EndGlobalSection
	GlobalSection(ExtensibilityGlobals) = postSolution
		SolutionGuid = {3B52B97D-9BC0-4806-BAAB-16A0C1C9F475}
	EndGlobalSection
EndGlobal
